
Microsoft Visual Studio Solution File, Format Version 12.00
# Visual Studio Version 16
VisualStudioVersion = 16.0.31402.337
MinimumVisualStudioVersion = 10.0.40219.1
Project("{FAE04EC0-301F-11D3-BF4B-00C04F79EFBC}") = "L5-1", "L5-1\L5-1.csproj", "{5011455E-8998-4ED6-9DC4-E3082D797370}"
EndProject
Project("{FAE04EC0-301F-11D3-BF4B-00C04F79EFBC}") = "L5-1.Tests", "L5-1.Tests\L5-1.Tests.csproj", "{CE1342EF-DA7A-4E70-B992-3B8689599EC4}"
EndProject
Global
	GlobalSection(SolutionConfigurationPlatforms) = preSolution
		Debug|Any CPU = Debug|Any CPU
		Release|Any CPU = Release|Any CPU
	EndGlobalSection
	GlobalSection(ProjectConfigurationPlatforms) = postSolution
		{5011455E-8998-4ED6-9DC4-E3082D797370}.Debug|Any CPU.ActiveCfg = Debug|Any CPU
		{5011455E-8998-4ED6-9DC4-E3082D797370}.Debug|Any CPU.Build.0 = Debug|Any CPU
		{5011455E-8998-4ED6-9DC4-E3082D797370}.Release|Any CPU.ActiveCfg = Release|Any CPU
		{5011455E-8998-4ED6-9DC4-E3082D797370}.Release|Any CPU.Build.0 = Release|Any CPU
		{CE1342EF-DA7A-4E70-B992-3B8689599EC4}.Debug|Any CPU.ActiveCfg = Debug|Any CPU
		{CE1342EF-DA7A-4E70-B992-3B8689599EC4}.Debug|Any CPU.Build.0 = Debug|Any CPU
		{CE1342EF-DA7A-4E70-B992-3B8689599EC4}.Release|Any CPU.ActiveCfg = Release|Any CPU
		{CE1342EF-DA7A-4E70-B992-3B8689599EC4}.Release|Any CPU.Build.0 = Release|Any CPU
	EndGlobalSection
	GlobalSection(SolutionProperties) = preSolution
		HideSolutionNode = FALSE
	EndGlobalSection
	GlobalSection(ExtensibilityGlobals) = postSolution
		SolutionGuid = {A9C34BE1-83D3-4A02-930A-491163907F83}
	EndGlobalSection
EndGlobal
