
Microsoft Visual Studio Solution File, Format Version 12.00
# Visual Studio Version 16
VisualStudioVersion = 16.0.31402.337
MinimumVisualStudioVersion = 10.0.40219.1
Project("{FAE04EC0-301F-11D3-BF4B-00C04F79EFBC}") = "L4-2", "L4-2\L4-2.csproj", "{D09BF2FC-039C-49DF-88E3-A87A74282F37}"
EndProject
Project("{FAE04EC0-301F-11D3-BF4B-00C04F79EFBC}") = "L4_2.Building", "L4_2.Building\L4_2.Building.csproj", "{D1FB5109-65E7-4528-B9C3-DCE387045558}"
EndProject
Project("{FAE04EC0-301F-11D3-BF4B-00C04F79EFBC}") = "L4_2.Creator", "L4_2.Creator\L4_2.Creator.csproj", "{8DEFD760-0E90-4BC1-97DC-A79FECB17B24}"
EndProject
Global
	GlobalSection(SolutionConfigurationPlatforms) = preSolution
		Debug|Any CPU = Debug|Any CPU
		Release|Any CPU = Release|Any CPU
	EndGlobalSection
	GlobalSection(ProjectConfigurationPlatforms) = postSolution
		{D09BF2FC-039C-49DF-88E3-A87A74282F37}.Debug|Any CPU.ActiveCfg = Debug|Any CPU
		{D09BF2FC-039C-49DF-88E3-A87A74282F37}.Debug|Any CPU.Build.0 = Debug|Any CPU
		{D09BF2FC-039C-49DF-88E3-A87A74282F37}.Release|Any CPU.ActiveCfg = Release|Any CPU
		{D09BF2FC-039C-49DF-88E3-A87A74282F37}.Release|Any CPU.Build.0 = Release|Any CPU
		{D1FB5109-65E7-4528-B9C3-DCE387045558}.Debug|Any CPU.ActiveCfg = Debug|Any CPU
		{D1FB5109-65E7-4528-B9C3-DCE387045558}.Debug|Any CPU.Build.0 = Debug|Any CPU
		{D1FB5109-65E7-4528-B9C3-DCE387045558}.Release|Any CPU.ActiveCfg = Release|Any CPU
		{D1FB5109-65E7-4528-B9C3-DCE387045558}.Release|Any CPU.Build.0 = Release|Any CPU
		{8DEFD760-0E90-4BC1-97DC-A79FECB17B24}.Debug|Any CPU.ActiveCfg = Debug|Any CPU
		{8DEFD760-0E90-4BC1-97DC-A79FECB17B24}.Debug|Any CPU.Build.0 = Debug|Any CPU
		{8DEFD760-0E90-4BC1-97DC-A79FECB17B24}.Release|Any CPU.ActiveCfg = Release|Any CPU
		{8DEFD760-0E90-4BC1-97DC-A79FECB17B24}.Release|Any CPU.Build.0 = Release|Any CPU
	EndGlobalSection
	GlobalSection(SolutionProperties) = preSolution
		HideSolutionNode = FALSE
	EndGlobalSection
	GlobalSection(ExtensibilityGlobals) = postSolution
		SolutionGuid = {B2C78F7D-6992-4B60-8F8A-085DD5B043DB}
	EndGlobalSection
EndGlobal
