
Microsoft Visual Studio Solution File, Format Version 12.00
# Visual Studio Version 16
VisualStudioVersion = 16.0.31402.337
MinimumVisualStudioVersion = 10.0.40219.1
Project("{FAE04EC0-301F-11D3-BF4B-00C04F79EFBC}") = "L6-1", "L6-1\L6-1.csproj", "{4F06B35C-49C9-4CDE-96B8-61ACECE37EDF}"
EndProject
Project("{FAE04EC0-301F-11D3-BF4B-00C04F79EFBC}") = "L6-1.Tests", "L6-1.Tests\L6-1.Tests.csproj", "{182BD196-0FFA-45E1-ABEF-53A5B6319E77}"
EndProject
Global
	GlobalSection(SolutionConfigurationPlatforms) = preSolution
		Debug|Any CPU = Debug|Any CPU
		Release|Any CPU = Release|Any CPU
	EndGlobalSection
	GlobalSection(ProjectConfigurationPlatforms) = postSolution
		{4F06B35C-49C9-4CDE-96B8-61ACECE37EDF}.Debug|Any CPU.ActiveCfg = Debug|Any CPU
		{4F06B35C-49C9-4CDE-96B8-61ACECE37EDF}.Debug|Any CPU.Build.0 = Debug|Any CPU
		{4F06B35C-49C9-4CDE-96B8-61ACECE37EDF}.Release|Any CPU.ActiveCfg = Release|Any CPU
		{4F06B35C-49C9-4CDE-96B8-61ACECE37EDF}.Release|Any CPU.Build.0 = Release|Any CPU
		{182BD196-0FFA-45E1-ABEF-53A5B6319E77}.Debug|Any CPU.ActiveCfg = Debug|Any CPU
		{182BD196-0FFA-45E1-ABEF-53A5B6319E77}.Debug|Any CPU.Build.0 = Debug|Any CPU
		{182BD196-0FFA-45E1-ABEF-53A5B6319E77}.Release|Any CPU.ActiveCfg = Release|Any CPU
		{182BD196-0FFA-45E1-ABEF-53A5B6319E77}.Release|Any CPU.Build.0 = Release|Any CPU
	EndGlobalSection
	GlobalSection(SolutionProperties) = preSolution
		HideSolutionNode = FALSE
	EndGlobalSection
	GlobalSection(ExtensibilityGlobals) = postSolution
		SolutionGuid = {D85639AC-A673-4987-A136-185E8DB1A627}
	EndGlobalSection
EndGlobal
